
Microsoft Visual Studio Solution File, Format Version 12.00
# Visual Studio 2013
VisualStudioVersion = 12.0.21005.1
MinimumVisualStudioVersion = 10.0.40219.1
Project("{FAE04EC0-301F-11D3-BF4B-00C04F79EFBC}") = "PagueMenos", "PagueMenos\PagueMenos.csproj", "{A14A6C32-6784-4819-9C54-DA3A30081A5B}"
EndProject
Project("{FAE04EC0-301F-11D3-BF4B-00C04F79EFBC}") = "PagueMenos.DataAccess", "PagueMenos.DataAccess\PagueMenos.DataAccess.csproj", "{E60F279E-E75C-4EBF-866F-D00ED995E51D}"
EndProject
Project("{FAE04EC0-301F-11D3-BF4B-00C04F79EFBC}") = "PagueMenos.DataContracts", "PagueMenos.DataContracts\PagueMenos.DataContracts.csproj", "{D9B448E5-E536-4D66-931F-94C6CB6B10AB}"
EndProject
Project("{FAE04EC0-301F-11D3-BF4B-00C04F79EFBC}") = "PagueMenos.BusinessLogic", "PagueMenos.BusinessLogic\PagueMenos.BusinessLogic.csproj", "{D5C162B4-EDC0-4287-A463-246E133E55EE}"
EndProject
Global
	GlobalSection(TeamFoundationVersionControl) = preSolution
		SccNumberOfProjects = 5
		SccEnterpriseProvider = {4CA58AB2-18FA-4F8D-95D4-32DDF27D184C}
		SccTeamFoundationServer = https://thiagosilva.visualstudio.com/defaultcollection
		SccLocalPath0 = .
		SccProjectUniqueName1 = PagueMenos\\PagueMenos.csproj
		SccProjectName1 = PagueMenos
		SccLocalPath1 = PagueMenos
		SccProjectUniqueName2 = PagueMenos.DataAccess\\PagueMenos.DataAccess.csproj
		SccProjectName2 = PagueMenos.DataAccess
		SccLocalPath2 = PagueMenos.DataAccess
		SccProjectUniqueName3 = PagueMenos.DataContracts\\PagueMenos.DataContracts.csproj
		SccProjectName3 = PagueMenos.DataContracts
		SccLocalPath3 = PagueMenos.DataContracts
		SccProjectUniqueName4 = PagueMenos.BusinessLogic\\PagueMenos.BusinessLogic.csproj
		SccProjectName4 = PagueMenos.BusinessLogic
		SccLocalPath4 = PagueMenos.BusinessLogic
	EndGlobalSection
	GlobalSection(SolutionConfigurationPlatforms) = preSolution
		Debug|Any CPU = Debug|Any CPU
		Release|Any CPU = Release|Any CPU
	EndGlobalSection
	GlobalSection(ProjectConfigurationPlatforms) = postSolution
		{A14A6C32-6784-4819-9C54-DA3A30081A5B}.Debug|Any CPU.ActiveCfg = Debug|Any CPU
		{A14A6C32-6784-4819-9C54-DA3A30081A5B}.Debug|Any CPU.Build.0 = Debug|Any CPU
		{A14A6C32-6784-4819-9C54-DA3A30081A5B}.Release|Any CPU.ActiveCfg = Release|Any CPU
		{A14A6C32-6784-4819-9C54-DA3A30081A5B}.Release|Any CPU.Build.0 = Release|Any CPU
		{E60F279E-E75C-4EBF-866F-D00ED995E51D}.Debug|Any CPU.ActiveCfg = Debug|Any CPU
		{E60F279E-E75C-4EBF-866F-D00ED995E51D}.Debug|Any CPU.Build.0 = Debug|Any CPU
		{E60F279E-E75C-4EBF-866F-D00ED995E51D}.Release|Any CPU.ActiveCfg = Release|Any CPU
		{E60F279E-E75C-4EBF-866F-D00ED995E51D}.Release|Any CPU.Build.0 = Release|Any CPU
		{D9B448E5-E536-4D66-931F-94C6CB6B10AB}.Debug|Any CPU.ActiveCfg = Debug|Any CPU
		{D9B448E5-E536-4D66-931F-94C6CB6B10AB}.Debug|Any CPU.Build.0 = Debug|Any CPU
		{D9B448E5-E536-4D66-931F-94C6CB6B10AB}.Release|Any CPU.ActiveCfg = Release|Any CPU
		{D9B448E5-E536-4D66-931F-94C6CB6B10AB}.Release|Any CPU.Build.0 = Release|Any CPU
		{D5C162B4-EDC0-4287-A463-246E133E55EE}.Debug|Any CPU.ActiveCfg = Debug|Any CPU
		{D5C162B4-EDC0-4287-A463-246E133E55EE}.Debug|Any CPU.Build.0 = Debug|Any CPU
		{D5C162B4-EDC0-4287-A463-246E133E55EE}.Release|Any CPU.ActiveCfg = Release|Any CPU
		{D5C162B4-EDC0-4287-A463-246E133E55EE}.Release|Any CPU.Build.0 = Release|Any CPU
	EndGlobalSection
	GlobalSection(SolutionProperties) = preSolution
		HideSolutionNode = FALSE
	EndGlobalSection
EndGlobal
